
Microsoft Visual Studio Solution File, Format Version 12.00
# Visual Studio 14
VisualStudioVersion = 14.0.25420.1
MinimumVisualStudioVersion = 10.0.40219.1
Project("{E24C65DC-7377-472B-9ABA-BC803B73C61A}") = "task4", ".", "{5C330C98-8CEE-46B9-A6A0-8BC51D3F2A86}"
	ProjectSection(WebsiteProperties) = preProject
		TargetFrameworkMoniker = ".NETFramework,Version%3Dv4.0"
		Debug.AspNetCompiler.VirtualPath = "/localhost_56452"
		Debug.AspNetCompiler.PhysicalPath = "..\..\..\..\Desktop\לימודים\פיתוח אתרים\task4\"
		Debug.AspNetCompiler.TargetPath = "PrecompiledWeb\localhost_56452\"
		Debug.AspNetCompiler.Updateable = "true"
		Debug.AspNetCompiler.ForceOverwrite = "true"
		Debug.AspNetCompiler.FixedNames = "false"
		Debug.AspNetCompiler.Debug = "True"
		Release.AspNetCompiler.VirtualPath = "/localhost_56452"
		Release.AspNetCompiler.PhysicalPath = "..\..\..\..\Desktop\לימודים\פיתוח אתרים\task4\"
		Release.AspNetCompiler.TargetPath = "PrecompiledWeb\localhost_56452\"
		Release.AspNetCompiler.Updateable = "true"
		Release.AspNetCompiler.ForceOverwrite = "true"
		Release.AspNetCompiler.FixedNames = "false"
		Release.AspNetCompiler.Debug = "False"
		VWDPort = "56452"
	EndProjectSection
EndProject
Global
	GlobalSection(SolutionConfigurationPlatforms) = preSolution
		Debug|Any CPU = Debug|Any CPU
	EndGlobalSection
	GlobalSection(ProjectConfigurationPlatforms) = postSolution
		{5C330C98-8CEE-46B9-A6A0-8BC51D3F2A86}.Debug|Any CPU.ActiveCfg = Debug|Any CPU
		{5C330C98-8CEE-46B9-A6A0-8BC51D3F2A86}.Debug|Any CPU.Build.0 = Debug|Any CPU
	EndGlobalSection
	GlobalSection(SolutionProperties) = preSolution
		HideSolutionNode = FALSE
	EndGlobalSection
EndGlobal
